{
  "version": 4,
  "terraform_version": "1.14.7",
  "serial": 207,
  "lineage": "dd22b624-0fd2-e597-2a72-886092e900f8",
  "outputs": {
    "alb_dns_name": {
      "value": "uitbuddy-alb-920269302.ap-southeast-2.elb.amazonaws.com",
      "type": "string"
    },
    "backend_url": {
      "value": "http://uitbuddy-alb-920269302.ap-southeast-2.elb.amazonaws.com",
      "type": "string"
    },
    "health_check_url": {
      "value": "http://uitbuddy-alb-920269302.ap-southeast-2.elb.amazonaws.com/actuator/health",
      "type": "string"
    }
  },
  "resources": [
    {
      "mode": "managed",
      "type": "aws_cloudwatch_log_group",
      "name": "backend",
      "provider": "provider[\"registry.terraform.io/hashicorp/aws\"]",
      "instances": [
        {
          "schema_version": 0,
          "attributes": {
            "arn": "arn:aws:logs:ap-southeast-2:437773037594:log-group:/ecs/uitbuddy-backend",
            "id": "/ecs/uitbuddy-backend",
            "kms_key_id": "",
            "log_group_class": "STANDARD",
            "name": "/ecs/uitbuddy-backend",
            "name_prefix": "",
            "retention_in_days": 14,
            "skip_destroy": false,
            "tags": null,
            "tags_all": {}
          },
          "sensitive_attributes": [],
          "identity_schema_version": 0,
          "private": "bnVsbA=="
        }
      ]
    },
    {
      "mode": "managed",
      "type": "aws_cloudwatch_log_group",
      "name": "postgres",
      "provider": "provider[\"registry.terraform.io/hashicorp/aws\"]",
      "instances": [
        {
          "schema_version": 0,
          "attributes": {
            "arn": "arn:aws:logs:ap-southeast-2:437773037594:log-group:/ecs/uitbuddy-postgres",
            "id": "/ecs/uitbuddy-postgres",
            "kms_key_id": "",
            "log_group_class": "STANDARD",
            "name": "/ecs/uitbuddy-postgres",
            "name_prefix": "",
            "retention_in_days": 14,
            "skip_destroy": false,
            "tags": null,
            "tags_all": {}
          },
          "sensitive_attributes": [],
          "identity_schema_version": 0,
          "private": "bnVsbA=="
        }
      ]
    },
    {
      "mode": "managed",
      "type": "aws_ecs_cluster",
      "name": "main",
      "provider": "provider[\"registry.terraform.io/hashicorp/aws\"]",
      "instances": [
        {
          "schema_version": 0,
          "attributes": {
            "arn": "arn:aws:ecs:ap-southeast-2:437773037594:cluster/uitbuddy-cluster",
            "configuration": [],
            "id": "arn:aws:ecs:ap-southeast-2:437773037594:cluster/uitbuddy-cluster",
            "name": "uitbuddy-cluster",
            "service_connect_defaults": [],
            "setting": [
              {
                "name": "containerInsights",
                "value": "disabled"
              }
            ],
            "tags": {
              "Name": "uitbuddy-cluster"
            },
            "tags_all": {
              "Name": "uitbuddy-cluster"
            }
          },
          "sensitive_attributes": [],
          "identity_schema_version": 0,
          "private": "bnVsbA=="
        }
      ]
    },
    {
      "mode": "managed",
      "type": "aws_ecs_service",
      "name": "backend",
      "provider": "provider[\"registry.terraform.io/hashicorp/aws\"]",
      "instances": [
        {
          "schema_version": 1,
          "attributes": {
            "alarms": [],
            "availability_zone_rebalancing": "DISABLED",
            "capacity_provider_strategy": [],
            "cluster": "arn:aws:ecs:ap-southeast-2:437773037594:cluster/uitbuddy-cluster",
            "deployment_circuit_breaker": [
              {
                "enable": false,
                "rollback": false
              }
            ],
            "deployment_controller": [
              {
                "type": "ECS"
              }
            ],
            "deployment_maximum_percent": 200,
            "deployment_minimum_healthy_percent": 100,
            "desired_count": 1,
            "enable_ecs_managed_tags": false,
            "enable_execute_command": false,
            "force_delete": null,
            "force_new_deployment": null,
            "health_check_grace_period_seconds": 0,
            "iam_role": "/aws-service-role/ecs.amazonaws.com/AWSServiceRoleForECS",
            "id": "arn:aws:ecs:ap-southeast-2:437773037594:service/uitbuddy-cluster/uitbuddy-backend",
            "launch_type": "FARGATE",
            "load_balancer": [
              {
                "container_name": "backend",
                "container_port": 8080,
                "elb_name": "",
                "target_group_arn": "arn:aws:elasticloadbalancing:ap-southeast-2:437773037594:targetgroup/uitbuddy-backend-tg/6536c8417bd0a248"
              }
            ],
            "name": "uitbuddy-backend",
            "network_configuration": [
              {
                "assign_public_ip": true,
                "security_groups": [
                  "sg-023b058e6830fd724"
                ],
                "subnets": [
                  "subnet-03cfb6d61e436e709",
                  "subnet-0f1e50c3cba808e66"
                ]
              }
            ],
            "ordered_placement_strategy": [],
            "placement_constraints": [],
            "platform_version": "LATEST",
            "propagate_tags": "NONE",
            "scheduling_strategy": "REPLICA",
            "service_connect_configuration": [],
            "service_registries": [],
            "tags": null,
            "tags_all": {},
            "task_definition": "arn:aws:ecs:ap-southeast-2:437773037594:task-definition/uitbuddy-backend:3",
            "timeouts": null,
            "triggers": {},
            "volume_configuration": [],
            "vpc_lattice_configurations": [],
            "wait_for_steady_state": false
          },
          "sensitive_attributes": [],
          "identity_schema_version": 0,
          "private": "eyJlMmJmYjczMC1lY2FhLTExZTYtOGY4OC0zNDM2M2JjN2M0YzAiOnsiY3JlYXRlIjoxMjAwMDAwMDAwMDAwLCJkZWxldGUiOjEyMDAwMDAwMDAwMDAsInVwZGF0ZSI6MTIwMDAwMDAwMDAwMH0sInNjaGVtYV92ZXJzaW9uIjoiMSJ9",
          "dependencies": [
            "aws_cloudwatch_log_group.backend",
            "aws_ecs_cluster.main",
            "aws_ecs_task_definition.backend",
            "aws_iam_role.ecs_execution_role",
            "aws_iam_role.ecs_task_role",
            "aws_lb.main",
            "aws_lb_listener.http",
            "aws_lb_target_group.backend",
            "aws_secretsmanager_secret.backend_secrets",
            "aws_security_group.alb_sg",
            "aws_security_group.backend_sg",
            "aws_subnet.public_a",
            "aws_subnet.public_b",
            "aws_vpc.main"
          ]
        }
      ]
    },
    {
      "mode": "managed",
      "type": "aws_ecs_service",
      "name": "postgres",
      "provider": "provider[\"registry.terraform.io/hashicorp/aws\"]",
      "instances": [
        {
          "schema_version": 1,
          "attributes": {
            "alarms": [],
            "availability_zone_rebalancing": "DISABLED",
            "capacity_provider_strategy": [],
            "cluster": "arn:aws:ecs:ap-southeast-2:437773037594:cluster/uitbuddy-cluster",
            "deployment_circuit_breaker": [
              {
                "enable": false,
                "rollback": false
              }
            ],
            "deployment_controller": [
              {
                "type": "ECS"
              }
            ],
            "deployment_maximum_percent": 200,
            "deployment_minimum_healthy_percent": 100,
            "desired_count": 1,
            "enable_ecs_managed_tags": false,
            "enable_execute_command": true,
            "force_delete": null,
            "force_new_deployment": null,
            "health_check_grace_period_seconds": 0,
            "iam_role": "/aws-service-role/ecs.amazonaws.com/AWSServiceRoleForECS",
            "id": "arn:aws:ecs:ap-southeast-2:437773037594:service/uitbuddy-cluster/uitbuddy-postgres",
            "launch_type": "FARGATE",
            "load_balancer": [],
            "name": "uitbuddy-postgres",
            "network_configuration": [
              {
                "assign_public_ip": true,
                "security_groups": [
                  "sg-0ddb152f855d0b111"
                ],
                "subnets": [
                  "subnet-03cfb6d61e436e709",
                  "subnet-0f1e50c3cba808e66"
                ]
              }
            ],
            "ordered_placement_strategy": [],
            "placement_constraints": [],
            "platform_version": "LATEST",
            "propagate_tags": "NONE",
            "scheduling_strategy": "REPLICA",
            "service_connect_configuration": [],
            "service_registries": [
              {
                "container_name": "",
                "container_port": 0,
                "port": 0,
                "registry_arn": "arn:aws:servicediscovery:ap-southeast-2:437773037594:service/srv-mttl4sm2aoc4jotd"
              }
            ],
            "tags": null,
            "tags_all": {},
            "task_definition": "arn:aws:ecs:ap-southeast-2:437773037594:task-definition/uitbuddy-postgres:3",
            "timeouts": null,
            "triggers": {},
            "volume_configuration": [],
            "vpc_lattice_configurations": [],
            "wait_for_steady_state": false
          },
          "sensitive_attributes": [],
          "identity_schema_version": 0,
          "private": "eyJlMmJmYjczMC1lY2FhLTExZTYtOGY4OC0zNDM2M2JjN2M0YzAiOnsiY3JlYXRlIjoxMjAwMDAwMDAwMDAwLCJkZWxldGUiOjEyMDAwMDAwMDAwMDAsInVwZGF0ZSI6MTIwMDAwMDAwMDAwMH0sInNjaGVtYV92ZXJzaW9uIjoiMSJ9",
          "dependencies": [
            "aws_cloudwatch_log_group.postgres",
            "aws_ecs_cluster.main",
            "aws_ecs_task_definition.postgres",
            "aws_efs_file_system.postgres_data",
            "aws_efs_mount_target.postgres_mount_a",
            "aws_efs_mount_target.postgres_mount_b",
            "aws_iam_role.ecs_execution_role",
            "aws_iam_role.ecs_task_role",
            "aws_secretsmanager_secret.backend_secrets",
            "aws_security_group.alb_sg",
            "aws_security_group.backend_sg",
            "aws_security_group.efs_sg",
            "aws_security_group.postgres_sg",
            "aws_service_discovery_private_dns_namespace.internal",
            "aws_service_discovery_service.postgres",
            "aws_subnet.private_a",
            "aws_subnet.private_b",
            "aws_subnet.public_a",
            "aws_subnet.public_b",
            "aws_vpc.main"
          ]
        }
      ]
    },
    {
      "mode": "managed",
      "type": "aws_ecs_task_definition",
      "name": "backend",
      "provider": "provider[\"registry.terraform.io/hashicorp/aws\"]",
      "instances": [
        {
          "schema_version": 1,
          "attributes": {
            "arn": "arn:aws:ecs:ap-southeast-2:437773037594:task-definition/uitbuddy-backend:3",
            "arn_without_revision": "arn:aws:ecs:ap-southeast-2:437773037594:task-definition/uitbuddy-backend",
            "container_definitions": "[{\"dependsOn\":[{\"condition\":\"START\",\"containerName\":\"redis\"}],\"environment\":[{\"name\":\"DEV_REDIS_HOST\",\"value\":\"127.0.0.1\"},{\"name\":\"DEV_REDIS_PORT\",\"value\":\"6379\"},{\"name\":\"SPRING_DATASOURCE_URL\",\"value\":\"jdbc:postgresql://postgres.uitbuddy.local:5432/buddy_db?connectTimeout=3\"},{\"name\":\"SPRING_DATASOURCE_USERNAME\",\"value\":\"postgres\"}],\"essential\":true,\"image\":\"ghcr.io/uit-buddy/backend:latest\",\"logConfiguration\":{\"logDriver\":\"awslogs\",\"options\":{\"awslogs-group\":\"/ecs/uitbuddy-backend\",\"awslogs-region\":\"ap-southeast-2\",\"awslogs-stream-prefix\":\"backend\"}},\"mountPoints\":[],\"name\":\"backend\",\"portMappings\":[{\"containerPort\":8080,\"hostPort\":8080,\"protocol\":\"tcp\"}],\"secrets\":[{\"name\":\"FIREBASE_JSON_CONFIG\",\"valueFrom\":\"arn:aws:secretsmanager:ap-southeast-2:437773037594:secret:uitbuddy/backend/secrets-v2-gMoLKa:FIREBASE_JSON::\"},{\"name\":\"SPRING_DATASOURCE_PASSWORD\",\"valueFrom\":\"arn:aws:secretsmanager:ap-southeast-2:437773037594:secret:uitbuddy/backend/secrets-v2-gMoLKa:POSTGRES_PASSWORD::\"}],\"systemControls\":[],\"volumesFrom\":[]},{\"command\":[\"redis-server\",\"--appendonly\",\"yes\"],\"environment\":[],\"essential\":true,\"image\":\"docker.io/library/redis:8-alpine\",\"logConfiguration\":{\"logDriver\":\"awslogs\",\"options\":{\"awslogs-group\":\"/ecs/uitbuddy-backend\",\"awslogs-region\":\"ap-southeast-2\",\"awslogs-stream-prefix\":\"redis\"}},\"mountPoints\":[],\"name\":\"redis\",\"portMappings\":[{\"containerPort\":6379,\"hostPort\":6379,\"protocol\":\"tcp\"}],\"systemControls\":[],\"volumesFrom\":[]}]",
            "cpu": "1024",
            "enable_fault_injection": false,
            "ephemeral_storage": [],
            "execution_role_arn": "arn:aws:iam::437773037594:role/uitbuddy-ecs-execution-role",
            "family": "uitbuddy-backend",
            "id": "uitbuddy-backend",
            "inference_accelerator": [],
            "ipc_mode": "",
            "memory": "2048",
            "network_mode": "awsvpc",
            "pid_mode": "",
            "placement_constraints": [],
            "proxy_configuration": [],
            "requires_compatibilities": [
              "FARGATE"
            ],
            "revision": 3,
            "runtime_platform": [],
            "skip_destroy": false,
            "tags": null,
            "tags_all": {},
            "task_role_arn": "arn:aws:iam::437773037594:role/uitbuddy-ecs-task-role",
            "track_latest": false,
            "volume": []
          },
          "sensitive_attributes": [],
          "identity_schema_version": 0,
          "private": "eyJzY2hlbWFfdmVyc2lvbiI6IjEifQ==",
          "dependencies": [
            "aws_cloudwatch_log_group.backend",
            "aws_iam_role.ecs_execution_role",
            "aws_iam_role.ecs_task_role",
            "aws_secretsmanager_secret.backend_secrets"
          ]
        }
      ]
    },
    {
      "mode": "managed",
      "type": "aws_ecs_task_definition",
      "name": "postgres",
      "provider": "provider[\"registry.terraform.io/hashicorp/aws\"]",
      "instances": [
        {
          "schema_version": 1,
          "attributes": {
            "arn": "arn:aws:ecs:ap-southeast-2:437773037594:task-definition/uitbuddy-postgres:3",
            "arn_without_revision": "arn:aws:ecs:ap-southeast-2:437773037594:task-definition/uitbuddy-postgres",
            "container_definitions": "[{\"environment\":[{\"name\":\"POSTGRES_DB\",\"value\":\"buddy_db\"},{\"name\":\"POSTGRES_USER\",\"value\":\"postgres\"}],\"essential\":true,\"image\":\"docker.io/library/postgres:17-alpine\",\"logConfiguration\":{\"logDriver\":\"awslogs\",\"options\":{\"awslogs-group\":\"/ecs/uitbuddy-postgres\",\"awslogs-region\":\"ap-southeast-2\",\"awslogs-stream-prefix\":\"postgres\"}},\"mountPoints\":[{\"containerPath\":\"/var/lib/postgresql/data\",\"readOnly\":false,\"sourceVolume\":\"postgres-storage\"}],\"name\":\"postgres\",\"portMappings\":[{\"containerPort\":5432,\"hostPort\":5432,\"protocol\":\"tcp\"}],\"secrets\":[{\"name\":\"POSTGRES_PASSWORD\",\"valueFrom\":\"arn:aws:secretsmanager:ap-southeast-2:437773037594:secret:uitbuddy/backend/secrets-v2-gMoLKa:POSTGRES_PASSWORD::\"}],\"systemControls\":[],\"volumesFrom\":[]}]",
            "cpu": "1024",
            "enable_fault_injection": false,
            "ephemeral_storage": [],
            "execution_role_arn": "arn:aws:iam::437773037594:role/uitbuddy-ecs-execution-role",
            "family": "uitbuddy-postgres",
            "id": "uitbuddy-postgres",
            "inference_accelerator": [],
            "ipc_mode": "",
            "memory": "2048",
            "network_mode": "awsvpc",
            "pid_mode": "",
            "placement_constraints": [],
            "proxy_configuration": [],
            "requires_compatibilities": [
              "FARGATE"
            ],
            "revision": 3,
            "runtime_platform": [],
            "skip_destroy": false,
            "tags": null,
            "tags_all": {},
            "task_role_arn": "arn:aws:iam::437773037594:role/uitbuddy-ecs-task-role",
            "track_latest": false,
            "volume": [
              {
                "configure_at_launch": false,
                "docker_volume_configuration": [],
                "efs_volume_configuration": [
                  {
                    "authorization_config": [],
                    "file_system_id": "fs-047b4de4a34775aa6",
                    "root_directory": "/",
                    "transit_encryption": "",
                    "transit_encryption_port": 0
                  }
                ],
                "fsx_windows_file_server_volume_configuration": [],
                "host_path": "",
                "name": "postgres-storage"
              }
            ]
          },
          "sensitive_attributes": [],
          "identity_schema_version": 0,
          "private": "eyJzY2hlbWFfdmVyc2lvbiI6IjEifQ==",
          "dependencies": [
            "aws_cloudwatch_log_group.postgres",
            "aws_efs_file_system.postgres_data",
            "aws_iam_role.ecs_execution_role",
            "aws_iam_role.ecs_task_role",
            "aws_secretsmanager_secret.backend_secrets"
          ]
        }
      ]
    },
    {
      "mode": "managed",
      "type": "aws_efs_file_system",
      "name": "postgres_data",
      "provider": "provider[\"registry.terraform.io/hashicorp/aws\"]",
      "instances": [
        {
          "schema_version": 0,
          "attributes": {
            "arn": "arn:aws:elasticfilesystem:ap-southeast-2:437773037594:file-system/fs-047b4de4a34775aa6",
            "availability_zone_id": "",
            "availability_zone_name": "",
            "creation_token": "uitbuddy-postgres-efs",
            "dns_name": "fs-047b4de4a34775aa6.efs.ap-southeast-2.amazonaws.com",
            "encrypted": true,
            "id": "fs-047b4de4a34775aa6",
            "kms_key_id": "arn:aws:kms:ap-southeast-2:437773037594:key/7639ca33-a6e7-4d1c-a7e0-a293f1215d3b",
            "lifecycle_policy": [],
            "name": "uitbuddy-postgres-data",
            "number_of_mount_targets": 0,
            "owner_id": "437773037594",
            "performance_mode": "generalPurpose",
            "protection": [
              {
                "replication_overwrite": "ENABLED"
              }
            ],
            "provisioned_throughput_in_mibps": 0,
            "size_in_bytes": [
              {
                "value": 6144,
                "value_in_ia": 0,
                "value_in_standard": 6144
              }
            ],
            "tags": {
              "Name": "uitbuddy-postgres-data"
            },
            "tags_all": {
              "Name": "uitbuddy-postgres-data"
            },
            "throughput_mode": "bursting"
          },
          "sensitive_attributes": [],
          "identity_schema_version": 0,
          "private": "bnVsbA=="
        }
      ]
    },
    {
      "mode": "managed",
      "type": "aws_efs_mount_target",
      "name": "postgres_mount_a",
      "provider": "provider[\"registry.terraform.io/hashicorp/aws\"]",
      "instances": [
        {
          "schema_version": 0,
          "attributes": {
            "availability_zone_id": "apse2-az1",
            "availability_zone_name": "ap-southeast-2a",
            "dns_name": "fs-047b4de4a34775aa6.efs.ap-southeast-2.amazonaws.com",
            "file_system_arn": "arn:aws:elasticfilesystem:ap-southeast-2:437773037594:file-system/fs-047b4de4a34775aa6",
            "file_system_id": "fs-047b4de4a34775aa6",
            "id": "fsmt-0a68f3835cf840d97",
            "ip_address": "10.0.11.43",
            "mount_target_dns_name": "ap-southeast-2a.fs-047b4de4a34775aa6.efs.ap-southeast-2.amazonaws.com",
            "network_interface_id": "eni-0ec29a0dcf0c3ae45",
            "owner_id": "437773037594",
            "security_groups": [
              "sg-070c508863f9d5e64"
            ],
            "subnet_id": "subnet-06b69233fd48605b0",
            "timeouts": null
          },
          "sensitive_attributes": [],
          "identity_schema_version": 0,
          "private": "eyJlMmJmYjczMC1lY2FhLTExZTYtOGY4OC0zNDM2M2JjN2M0YzAiOnsiY3JlYXRlIjoxODAwMDAwMDAwMDAwLCJkZWxldGUiOjYwMDAwMDAwMDAwMH19",
          "dependencies": [
            "aws_efs_file_system.postgres_data",
            "aws_security_group.alb_sg",
            "aws_security_group.backend_sg",
            "aws_security_group.efs_sg",
            "aws_security_group.postgres_sg",
            "aws_subnet.private_a",
            "aws_vpc.main"
          ]
        }
      ]
    },
    {
      "mode": "managed",
      "type": "aws_efs_mount_target",
      "name": "postgres_mount_b",
      "provider": "provider[\"registry.terraform.io/hashicorp/aws\"]",
      "instances": [
        {
          "schema_version": 0,
          "attributes": {
            "availability_zone_id": "apse2-az3",
            "availability_zone_name": "ap-southeast-2b",
            "dns_name": "fs-047b4de4a34775aa6.efs.ap-southeast-2.amazonaws.com",
            "file_system_arn": "arn:aws:elasticfilesystem:ap-southeast-2:437773037594:file-system/fs-047b4de4a34775aa6",
            "file_system_id": "fs-047b4de4a34775aa6",
            "id": "fsmt-079c77797bb397985",
            "ip_address": "10.0.12.98",
            "mount_target_dns_name": "ap-southeast-2b.fs-047b4de4a34775aa6.efs.ap-southeast-2.amazonaws.com",
            "network_interface_id": "eni-0ad8073130422c878",
            "owner_id": "437773037594",
            "security_groups": [
              "sg-070c508863f9d5e64"
            ],
            "subnet_id": "subnet-0917f49b3a6199775",
            "timeouts": null
          },
          "sensitive_attributes": [],
          "identity_schema_version": 0,
          "private": "eyJlMmJmYjczMC1lY2FhLTExZTYtOGY4OC0zNDM2M2JjN2M0YzAiOnsiY3JlYXRlIjoxODAwMDAwMDAwMDAwLCJkZWxldGUiOjYwMDAwMDAwMDAwMH19",
          "dependencies": [
            "aws_efs_file_system.postgres_data",
            "aws_security_group.alb_sg",
            "aws_security_group.backend_sg",
            "aws_security_group.efs_sg",
            "aws_security_group.postgres_sg",
            "aws_subnet.private_b",
            "aws_vpc.main"
          ]
        }
      ]
    },
    {
      "mode": "managed",
      "type": "aws_iam_policy",
      "name": "ecs_exec_policy",
      "provider": "provider[\"registry.terraform.io/hashicorp/aws\"]",
      "instances": [
        {
          "schema_version": 0,
          "attributes": {
            "arn": "arn:aws:iam::437773037594:policy/uitbuddy-ecs-exec-policy",
            "attachment_count": 0,
            "description": "",
            "id": "arn:aws:iam::437773037594:policy/uitbuddy-ecs-exec-policy",
            "name": "uitbuddy-ecs-exec-policy",
            "name_prefix": "",
            "path": "/",
            "policy": "{\"Statement\":[{\"Action\":[\"ssmmessages:CreateControlChannel\",\"ssmmessages:CreateDataChannel\",\"ssmmessages:OpenControlChannel\",\"ssmmessages:OpenDataChannel\"],\"Effect\":\"Allow\",\"Resource\":\"*\"}],\"Version\":\"2012-10-17\"}",
            "policy_id": "ANPAWL3KOOANJZRXRRDVC",
            "tags": null,
            "tags_all": {}
          },
          "sensitive_attributes": [],
          "identity_schema_version": 0,
          "private": "bnVsbA=="
        }
      ]
    },
    {
      "mode": "managed",
      "type": "aws_iam_policy",
      "name": "ecs_secrets_policy",
      "provider": "provider[\"registry.terraform.io/hashicorp/aws\"]",
      "instances": [
        {
          "schema_version": 0,
          "attributes": {
            "arn": "arn:aws:iam::437773037594:policy/uitbuddy-ecs-secrets-policy",
            "attachment_count": 0,
            "description": "",
            "id": "arn:aws:iam::437773037594:policy/uitbuddy-ecs-secrets-policy",
            "name": "uitbuddy-ecs-secrets-policy",
            "name_prefix": "",
            "path": "/",
            "policy": "{\"Statement\":[{\"Action\":[\"secretsmanager:GetSecretValue\"],\"Effect\":\"Allow\",\"Resource\":\"arn:aws:secretsmanager:ap-southeast-2:437773037594:secret:uitbuddy/backend/secrets-v2-gMoLKa\"}],\"Version\":\"2012-10-17\"}",
            "policy_id": "ANPAWL3KOOANBQUI4LS4D",
            "tags": null,
            "tags_all": {}
          },
          "sensitive_attributes": [],
          "identity_schema_version": 0,
          "private": "bnVsbA==",
          "dependencies": [
            "aws_secretsmanager_secret.backend_secrets"
          ]
        }
      ]
    },
    {
      "mode": "managed",
      "type": "aws_iam_role",
      "name": "ecs_execution_role",
      "provider": "provider[\"registry.terraform.io/hashicorp/aws\"]",
      "instances": [
        {
          "schema_version": 0,
          "attributes": {
            "arn": "arn:aws:iam::437773037594:role/uitbuddy-ecs-execution-role",
            "assume_role_policy": "{\"Statement\":[{\"Action\":\"sts:AssumeRole\",\"Effect\":\"Allow\",\"Principal\":{\"Service\":\"ecs-tasks.amazonaws.com\"}}],\"Version\":\"2012-10-17\"}",
            "create_date": "2026-03-22T12:43:20Z",
            "description": "",
            "force_detach_policies": false,
            "id": "uitbuddy-ecs-execution-role",
            "inline_policy": [],
            "managed_policy_arns": [],
            "max_session_duration": 3600,
            "name": "uitbuddy-ecs-execution-role",
            "name_prefix": "",
            "path": "/",
            "permissions_boundary": "",
            "tags": null,
            "tags_all": {},
            "unique_id": "AROAWL3KOOANGI72IXBNX"
          },
          "sensitive_attributes": [],
          "identity_schema_version": 0,
          "private": "bnVsbA=="
        }
      ]
    },
    {
      "mode": "managed",
      "type": "aws_iam_role",
      "name": "ecs_task_role",
      "provider": "provider[\"registry.terraform.io/hashicorp/aws\"]",
      "instances": [
        {
          "schema_version": 0,
          "attributes": {
            "arn": "arn:aws:iam::437773037594:role/uitbuddy-ecs-task-role",
            "assume_role_policy": "{\"Statement\":[{\"Action\":\"sts:AssumeRole\",\"Effect\":\"Allow\",\"Principal\":{\"Service\":\"ecs-tasks.amazonaws.com\"}}],\"Version\":\"2012-10-17\"}",
            "create_date": "2026-03-22T12:43:20Z",
            "description": "",
            "force_detach_policies": false,
            "id": "uitbuddy-ecs-task-role",
            "inline_policy": [],
            "managed_policy_arns": [],
            "max_session_duration": 3600,
            "name": "uitbuddy-ecs-task-role",
            "name_prefix": "",
            "path": "/",
            "permissions_boundary": "",
            "tags": null,
            "tags_all": {},
            "unique_id": "AROAWL3KOOANMTC6Z7QRU"
          },
          "sensitive_attributes": [],
          "identity_schema_version": 0,
          "private": "bnVsbA=="
        }
      ]
    },
    {
      "mode": "managed",
      "type": "aws_iam_role_policy_attachment",
      "name": "ecs_execution_role_policy",
      "provider": "provider[\"registry.terraform.io/hashicorp/aws\"]",
      "instances": [
        {
          "schema_version": 0,
          "attributes": {
            "id": "uitbuddy-ecs-execution-role-20260322124322768000000003",
            "policy_arn": "arn:aws:iam::aws:policy/service-role/AmazonECSTaskExecutionRolePolicy",
            "role": "uitbuddy-ecs-execution-role"
          },
          "sensitive_attributes": [],
          "identity_schema_version": 0,
          "private": "bnVsbA==",
          "dependencies": [
            "aws_iam_role.ecs_execution_role"
          ]
        }
      ]
    },
    {
      "mode": "managed",
      "type": "aws_iam_role_policy_attachment",
      "name": "ecs_execution_secrets_attachment",
      "provider": "provider[\"registry.terraform.io/hashicorp/aws\"]",
      "instances": [
        {
          "schema_version": 0,
          "attributes": {
            "id": "uitbuddy-ecs-execution-role-20260322124325409200000005",
            "policy_arn": "arn:aws:iam::437773037594:policy/uitbuddy-ecs-secrets-policy",
            "role": "uitbuddy-ecs-execution-role"
          },
          "sensitive_attributes": [],
          "identity_schema_version": 0,
          "private": "bnVsbA==",
          "dependencies": [
            "aws_iam_policy.ecs_secrets_policy",
            "aws_iam_role.ecs_execution_role",
            "aws_secretsmanager_secret.backend_secrets"
          ]
        }
      ]
    },
    {
      "mode": "managed",
      "type": "aws_iam_role_policy_attachment",
      "name": "ecs_task_exec_attachment",
      "provider": "provider[\"registry.terraform.io/hashicorp/aws\"]",
      "instances": [
        {
          "schema_version": 0,
          "attributes": {
            "id": "uitbuddy-ecs-task-role-20260322124322691300000002",
            "policy_arn": "arn:aws:iam::437773037594:policy/uitbuddy-ecs-exec-policy",
            "role": "uitbuddy-ecs-task-role"
          },
          "sensitive_attributes": [],
          "identity_schema_version": 0,
          "private": "bnVsbA==",
          "dependencies": [
            "aws_iam_policy.ecs_exec_policy",
            "aws_iam_role.ecs_task_role"
          ]
        }
      ]
    },
    {
      "mode": "managed",
      "type": "aws_internet_gateway",
      "name": "igw",
      "provider": "provider[\"registry.terraform.io/hashicorp/aws\"]",
      "instances": [
        {
          "schema_version": 0,
          "attributes": {
            "arn": "arn:aws:ec2:ap-southeast-2:437773037594:internet-gateway/igw-0009c8bae18d152c5",
            "id": "igw-0009c8bae18d152c5",
            "owner_id": "437773037594",
            "tags": {
              "Name": "uitbuddy-igw"
            },
            "tags_all": {
              "Name": "uitbuddy-igw"
            },
            "timeouts": null,
            "vpc_id": "vpc-0c7f62783c7c6de59"
          },
          "sensitive_attributes": [],
          "identity_schema_version": 0,
          "private": "eyJlMmJmYjczMC1lY2FhLTExZTYtOGY4OC0zNDM2M2JjN2M0YzAiOnsiY3JlYXRlIjoxMjAwMDAwMDAwMDAwLCJkZWxldGUiOjEyMDAwMDAwMDAwMDAsInVwZGF0ZSI6MTIwMDAwMDAwMDAwMH19",
          "dependencies": [
            "aws_vpc.main"
          ]
        }
      ]
    },
    {
      "mode": "managed",
      "type": "aws_lb",
      "name": "main",
      "provider": "provider[\"registry.terraform.io/hashicorp/aws\"]",
      "instances": [
        {
          "schema_version": 0,
          "attributes": {
            "access_logs": [
              {
                "bucket": "",
                "enabled": false,
                "prefix": ""
              }
            ],
            "arn": "arn:aws:elasticloadbalancing:ap-southeast-2:437773037594:loadbalancer/app/uitbuddy-alb/cdaeeab2e1f42850",
            "arn_suffix": "app/uitbuddy-alb/cdaeeab2e1f42850",
            "client_keep_alive": 3600,
            "connection_logs": [
              {
                "bucket": "",
                "enabled": false,
                "prefix": ""
              }
            ],
            "customer_owned_ipv4_pool": "",
            "desync_mitigation_mode": "defensive",
            "dns_name": "uitbuddy-alb-920269302.ap-southeast-2.elb.amazonaws.com",
            "dns_record_client_routing_policy": null,
            "drop_invalid_header_fields": false,
            "enable_cross_zone_load_balancing": true,
            "enable_deletion_protection": false,
            "enable_http2": true,
            "enable_tls_version_and_cipher_suite_headers": false,
            "enable_waf_fail_open": false,
            "enable_xff_client_port": false,
            "enable_zonal_shift": false,
            "enforce_security_group_inbound_rules_on_private_link_traffic": "",
            "id": "arn:aws:elasticloadbalancing:ap-southeast-2:437773037594:loadbalancer/app/uitbuddy-alb/cdaeeab2e1f42850",
            "idle_timeout": 60,
            "internal": false,
            "ip_address_type": "ipv4",
            "ipam_pools": [],
            "load_balancer_type": "application",
            "minimum_load_balancer_capacity": [],
            "name": "uitbuddy-alb",
            "name_prefix": "",
            "preserve_host_header": false,
            "security_groups": [
              "sg-0fba60ac471503a68"
            ],
            "subnet_mapping": [
              {
                "allocation_id": "",
                "ipv6_address": "",
                "outpost_id": "",
                "private_ipv4_address": "",
                "subnet_id": "subnet-03cfb6d61e436e709"
              },
              {
                "allocation_id": "",
                "ipv6_address": "",
                "outpost_id": "",
                "private_ipv4_address": "",
                "subnet_id": "subnet-0f1e50c3cba808e66"
              }
            ],
            "subnets": [
              "subnet-03cfb6d61e436e709",
              "subnet-0f1e50c3cba808e66"
            ],
            "tags": {
              "Name": "uitbuddy-alb"
            },
            "tags_all": {
              "Name": "uitbuddy-alb"
            },
            "timeouts": null,
            "vpc_id": "vpc-0c7f62783c7c6de59",
            "xff_header_processing_mode": "append",
            "zone_id": "Z1GM3OXH4ZPM65"
          },
          "sensitive_attributes": [],
          "identity_schema_version": 0,
          "private": "eyJlMmJmYjczMC1lY2FhLTExZTYtOGY4OC0zNDM2M2JjN2M0YzAiOnsiY3JlYXRlIjo2MDAwMDAwMDAwMDAsImRlbGV0ZSI6NjAwMDAwMDAwMDAwLCJ1cGRhdGUiOjYwMDAwMDAwMDAwMH19",
          "dependencies": [
            "aws_security_group.alb_sg",
            "aws_subnet.public_a",
            "aws_subnet.public_b",
            "aws_vpc.main"
          ]
        }
      ]
    },
    {
      "mode": "managed",
      "type": "aws_lb_listener",
      "name": "http",
      "provider": "provider[\"registry.terraform.io/hashicorp/aws\"]",
      "instances": [
        {
          "schema_version": 0,
          "attributes": {
            "alpn_policy": null,
            "arn": "arn:aws:elasticloadbalancing:ap-southeast-2:437773037594:listener/app/uitbuddy-alb/cdaeeab2e1f42850/39806861e908e915",
            "certificate_arn": null,
            "default_action": [
              {
                "authenticate_cognito": [],
                "authenticate_oidc": [],
                "fixed_response": [],
                "forward": [],
                "order": 1,
                "redirect": [],
                "target_group_arn": "arn:aws:elasticloadbalancing:ap-southeast-2:437773037594:targetgroup/uitbuddy-backend-tg/6536c8417bd0a248",
                "type": "forward"
              }
            ],
            "id": "arn:aws:elasticloadbalancing:ap-southeast-2:437773037594:listener/app/uitbuddy-alb/cdaeeab2e1f42850/39806861e908e915",
            "load_balancer_arn": "arn:aws:elasticloadbalancing:ap-southeast-2:437773037594:loadbalancer/app/uitbuddy-alb/cdaeeab2e1f42850",
            "mutual_authentication": [],
            "port": 80,
            "protocol": "HTTP",
            "routing_http_request_x_amzn_mtls_clientcert_header_name": null,
            "routing_http_request_x_amzn_mtls_clientcert_issuer_header_name": null,
            "routing_http_request_x_amzn_mtls_clientcert_leaf_header_name": null,
            "routing_http_request_x_amzn_mtls_clientcert_serial_number_header_name": null,
            "routing_http_request_x_amzn_mtls_clientcert_subject_header_name": null,
            "routing_http_request_x_amzn_mtls_clientcert_validity_header_name": null,
            "routing_http_request_x_amzn_tls_cipher_suite_header_name": null,
            "routing_http_request_x_amzn_tls_version_header_name": null,
            "routing_http_response_access_control_allow_credentials_header_value": "",
            "routing_http_response_access_control_allow_headers_header_value": "",
            "routing_http_response_access_control_allow_methods_header_value": "",
            "routing_http_response_access_control_allow_origin_header_value": "",
            "routing_http_response_access_control_expose_headers_header_value": "",
            "routing_http_response_access_control_max_age_header_value": "",
            "routing_http_response_content_security_policy_header_value": "",
            "routing_http_response_server_enabled": true,
            "routing_http_response_strict_transport_security_header_value": "",
            "routing_http_response_x_content_type_options_header_value": "",
            "routing_http_response_x_frame_options_header_value": "",
            "ssl_policy": "",
            "tags": null,
            "tags_all": {},
            "tcp_idle_timeout_seconds": null,
            "timeouts": null
          },
          "sensitive_attributes": [],
          "identity_schema_version": 0,
          "private": "eyJlMmJmYjczMC1lY2FhLTExZTYtOGY4OC0zNDM2M2JjN2M0YzAiOnsiY3JlYXRlIjozMDAwMDAwMDAwMDAsInVwZGF0ZSI6MzAwMDAwMDAwMDAwfX0=",
          "dependencies": [
            "aws_lb.main",
            "aws_lb_target_group.backend",
            "aws_security_group.alb_sg",
            "aws_subnet.public_a",
            "aws_subnet.public_b",
            "aws_vpc.main"
          ]
        }
      ]
    },
    {
      "mode": "managed",
      "type": "aws_lb_target_group",
      "name": "backend",
      "provider": "provider[\"registry.terraform.io/hashicorp/aws\"]",
      "instances": [
        {
          "schema_version": 0,
          "attributes": {
            "arn": "arn:aws:elasticloadbalancing:ap-southeast-2:437773037594:targetgroup/uitbuddy-backend-tg/6536c8417bd0a248",
            "arn_suffix": "targetgroup/uitbuddy-backend-tg/6536c8417bd0a248",
            "connection_termination": null,
            "deregistration_delay": "300",
            "health_check": [
              {
                "enabled": true,
                "healthy_threshold": 3,
                "interval": 30,
                "matcher": "200",
                "path": "/actuator/health",
                "port": "8080",
                "protocol": "HTTP",
                "timeout": 5,
                "unhealthy_threshold": 3
              }
            ],
            "id": "arn:aws:elasticloadbalancing:ap-southeast-2:437773037594:targetgroup/uitbuddy-backend-tg/6536c8417bd0a248",
            "ip_address_type": "ipv4",
            "lambda_multi_value_headers_enabled": false,
            "load_balancer_arns": [],
            "load_balancing_algorithm_type": "round_robin",
            "load_balancing_anomaly_mitigation": "off",
            "load_balancing_cross_zone_enabled": "use_load_balancer_configuration",
            "name": "uitbuddy-backend-tg",
            "name_prefix": "",
            "port": 8080,
            "preserve_client_ip": null,
            "protocol": "HTTP",
            "protocol_version": "HTTP1",
            "proxy_protocol_v2": false,
            "slow_start": 0,
            "stickiness": [
              {
                "cookie_duration": 86400,
                "cookie_name": "",
                "enabled": false,
                "type": "lb_cookie"
              }
            ],
            "tags": {
              "Name": "uitbuddy-backend-tg"
            },
            "tags_all": {
              "Name": "uitbuddy-backend-tg"
            },
            "target_failover": [
              {
                "on_deregistration": null,
                "on_unhealthy": null
              }
            ],
            "target_group_health": [
              {
                "dns_failover": [
                  {
                    "minimum_healthy_targets_count": "1",
                    "minimum_healthy_targets_percentage": "off"
                  }
                ],
                "unhealthy_state_routing": [
                  {
                    "minimum_healthy_targets_count": 1,
                    "minimum_healthy_targets_percentage": "off"
                  }
                ]
              }
            ],
            "target_health_state": [
              {
                "enable_unhealthy_connection_termination": null,
                "unhealthy_draining_interval": null
              }
            ],
            "target_type": "ip",
            "vpc_id": "vpc-0c7f62783c7c6de59"
          },
          "sensitive_attributes": [],
          "identity_schema_version": 0,
          "private": "bnVsbA==",
          "dependencies": [
            "aws_vpc.main"
          ]
        }
      ]
    },
    {
      "mode": "managed",
      "type": "aws_route_table",
      "name": "private_rt",
      "provider": "provider[\"registry.terraform.io/hashicorp/aws\"]",
      "instances": [
        {
          "schema_version": 0,
          "attributes": {
            "arn": "arn:aws:ec2:ap-southeast-2:437773037594:route-table/rtb-0eaf3d4a483de6a08",
            "id": "rtb-0eaf3d4a483de6a08",
            "owner_id": "437773037594",
            "propagating_vgws": [],
            "route": [],
            "tags": {
              "Name": "uitbuddy-private-rt"
            },
            "tags_all": {
              "Name": "uitbuddy-private-rt"
            },
            "timeouts": null,
            "vpc_id": "vpc-0c7f62783c7c6de59"
          },
          "sensitive_attributes": [],
          "identity_schema_version": 0,
          "private": "eyJlMmJmYjczMC1lY2FhLTExZTYtOGY4OC0zNDM2M2JjN2M0YzAiOnsiY3JlYXRlIjozMDAwMDAwMDAwMDAsImRlbGV0ZSI6MzAwMDAwMDAwMDAwLCJ1cGRhdGUiOjEyMDAwMDAwMDAwMH19",
          "dependencies": [
            "aws_vpc.main"
          ]
        }
      ]
    },
    {
      "mode": "managed",
      "type": "aws_route_table",
      "name": "public_rt",
      "provider": "provider[\"registry.terraform.io/hashicorp/aws\"]",
      "instances": [
        {
          "schema_version": 0,
          "attributes": {
            "arn": "arn:aws:ec2:ap-southeast-2:437773037594:route-table/rtb-0122a387b2ddbbad4",
            "id": "rtb-0122a387b2ddbbad4",
            "owner_id": "437773037594",
            "propagating_vgws": [],
            "route": [
              {
                "carrier_gateway_id": "",
                "cidr_block": "0.0.0.0/0",
                "core_network_arn": "",
                "destination_prefix_list_id": "",
                "egress_only_gateway_id": "",
                "gateway_id": "igw-0009c8bae18d152c5",
                "ipv6_cidr_block": "",
                "local_gateway_id": "",
                "nat_gateway_id": "",
                "network_interface_id": "",
                "transit_gateway_id": "",
                "vpc_endpoint_id": "",
                "vpc_peering_connection_id": ""
              }
            ],
            "tags": {
              "Name": "uitbuddy-public-rt"
            },
            "tags_all": {
              "Name": "uitbuddy-public-rt"
            },
            "timeouts": null,
            "vpc_id": "vpc-0c7f62783c7c6de59"
          },
          "sensitive_attributes": [],
          "identity_schema_version": 0,
          "private": "eyJlMmJmYjczMC1lY2FhLTExZTYtOGY4OC0zNDM2M2JjN2M0YzAiOnsiY3JlYXRlIjozMDAwMDAwMDAwMDAsImRlbGV0ZSI6MzAwMDAwMDAwMDAwLCJ1cGRhdGUiOjEyMDAwMDAwMDAwMH19",
          "dependencies": [
            "aws_internet_gateway.igw",
            "aws_vpc.main"
          ]
        }
      ]
    },
    {
      "mode": "managed",
      "type": "aws_route_table_association",
      "name": "private_a",
      "provider": "provider[\"registry.terraform.io/hashicorp/aws\"]",
      "instances": [
        {
          "schema_version": 0,
          "attributes": {
            "gateway_id": "",
            "id": "rtbassoc-08f504c59b382ac79",
            "route_table_id": "rtb-0eaf3d4a483de6a08",
            "subnet_id": "subnet-06b69233fd48605b0",
            "timeouts": null
          },
          "sensitive_attributes": [],
          "identity_schema_version": 0,
          "private": "eyJlMmJmYjczMC1lY2FhLTExZTYtOGY4OC0zNDM2M2JjN2M0YzAiOnsiY3JlYXRlIjozMDAwMDAwMDAwMDAsImRlbGV0ZSI6MzAwMDAwMDAwMDAwLCJ1cGRhdGUiOjEyMDAwMDAwMDAwMH19",
          "dependencies": [
            "aws_route_table.private_rt",
            "aws_subnet.private_a",
            "aws_vpc.main"
          ]
        }
      ]
    },
    {
      "mode": "managed",
      "type": "aws_route_table_association",
      "name": "private_b",
      "provider": "provider[\"registry.terraform.io/hashicorp/aws\"]",
      "instances": [
        {
          "schema_version": 0,
          "attributes": {
            "gateway_id": "",
            "id": "rtbassoc-0d3facd37a43f1a52",
            "route_table_id": "rtb-0eaf3d4a483de6a08",
            "subnet_id": "subnet-0917f49b3a6199775",
            "timeouts": null
          },
          "sensitive_attributes": [],
          "identity_schema_version": 0,
          "private": "eyJlMmJmYjczMC1lY2FhLTExZTYtOGY4OC0zNDM2M2JjN2M0YzAiOnsiY3JlYXRlIjozMDAwMDAwMDAwMDAsImRlbGV0ZSI6MzAwMDAwMDAwMDAwLCJ1cGRhdGUiOjEyMDAwMDAwMDAwMH19",
          "dependencies": [
            "aws_route_table.private_rt",
            "aws_subnet.private_b",
            "aws_vpc.main"
          ]
        }
      ]
    },
    {
      "mode": "managed",
      "type": "aws_route_table_association",
      "name": "public_a",
      "provider": "provider[\"registry.terraform.io/hashicorp/aws\"]",
      "instances": [
        {
          "schema_version": 0,
          "attributes": {
            "gateway_id": "",
            "id": "rtbassoc-0d2ac0badec41142a",
            "route_table_id": "rtb-0122a387b2ddbbad4",
            "subnet_id": "subnet-0f1e50c3cba808e66",
            "timeouts": null
          },
          "sensitive_attributes": [],
          "identity_schema_version": 0,
          "private": "eyJlMmJmYjczMC1lY2FhLTExZTYtOGY4OC0zNDM2M2JjN2M0YzAiOnsiY3JlYXRlIjozMDAwMDAwMDAwMDAsImRlbGV0ZSI6MzAwMDAwMDAwMDAwLCJ1cGRhdGUiOjEyMDAwMDAwMDAwMH19",
          "dependencies": [
            "aws_internet_gateway.igw",
            "aws_route_table.public_rt",
            "aws_subnet.public_a",
            "aws_vpc.main"
          ]
        }
      ]
    },
    {
      "mode": "managed",
      "type": "aws_route_table_association",
      "name": "public_b",
      "provider": "provider[\"registry.terraform.io/hashicorp/aws\"]",
      "instances": [
        {
          "schema_version": 0,
          "attributes": {
            "gateway_id": "",
            "id": "rtbassoc-0a1473940a033b2a7",
            "route_table_id": "rtb-0122a387b2ddbbad4",
            "subnet_id": "subnet-03cfb6d61e436e709",
            "timeouts": null
          },
          "sensitive_attributes": [],
          "identity_schema_version": 0,
          "private": "eyJlMmJmYjczMC1lY2FhLTExZTYtOGY4OC0zNDM2M2JjN2M0YzAiOnsiY3JlYXRlIjozMDAwMDAwMDAwMDAsImRlbGV0ZSI6MzAwMDAwMDAwMDAwLCJ1cGRhdGUiOjEyMDAwMDAwMDAwMH19",
          "dependencies": [
            "aws_internet_gateway.igw",
            "aws_route_table.public_rt",
            "aws_subnet.public_b",
            "aws_vpc.main"
          ]
        }
      ]
    },
    {
      "mode": "managed",
      "type": "aws_secretsmanager_secret",
      "name": "backend_secrets",
      "provider": "provider[\"registry.terraform.io/hashicorp/aws\"]",
      "instances": [
        {
          "schema_version": 0,
          "attributes": {
            "arn": "arn:aws:secretsmanager:ap-southeast-2:437773037594:secret:uitbuddy/backend/secrets-v2-gMoLKa",
            "description": "Database password and Firebase config for uitbuddy",
            "force_overwrite_replica_secret": false,
            "id": "arn:aws:secretsmanager:ap-southeast-2:437773037594:secret:uitbuddy/backend/secrets-v2-gMoLKa",
            "kms_key_id": "",
            "name": "uitbuddy/backend/secrets-v2",
            "name_prefix": "",
            "policy": "",
            "recovery_window_in_days": 0,
            "replica": [],
            "tags": {
              "Name": "uitbuddy-backend-secrets"
            },
            "tags_all": {
              "Name": "uitbuddy-backend-secrets"
            }
          },
          "sensitive_attributes": [],
          "identity_schema_version": 0,
          "private": "bnVsbA=="
        }
      ]
    },
    {
      "mode": "managed",
      "type": "aws_secretsmanager_secret_version",
      "name": "backend_secrets_value",
      "provider": "provider[\"registry.terraform.io/hashicorp/aws\"]",
      "instances": [
        {
          "schema_version": 0,
          "attributes": {
            "arn": "arn:aws:secretsmanager:ap-southeast-2:437773037594:secret:uitbuddy/backend/secrets-v2-gMoLKa",
            "has_secret_string_wo": null,
            "id": "arn:aws:secretsmanager:ap-southeast-2:437773037594:secret:uitbuddy/backend/secrets-v2-gMoLKa|terraform-20260322124323970300000004",
            "secret_binary": "",
            "secret_id": "arn:aws:secretsmanager:ap-southeast-2:437773037594:secret:uitbuddy/backend/secrets-v2-gMoLKa",
            "secret_string": "{\"FIREBASE_JSON\":\"{\\n  \\\"type\\\": \\\"service_account\\\",\\n  \\\"project_id\\\": \\\"uit-buddy\\\",\\n  \\\"private_key_id\\\": \\\"e3e18ce04a4098fe50170397953bcdbf0c3fdaa9\\\",\\n  \\\"private_key\\\": \\\"-----BEGIN PRIVATE KEY-----\\\\nMIIEvgIBADANBgkqhkiG9w0BAQEFAASCBKgwggSkAgEAAoIBAQDvC47DalgRfOOD\\\\nLcJ3x88OWLCOgF34dXghoVsRK8aT2bLcn1ZPOe5PGEaegZRUD5G3pBR4X6REipRx\\\\nHlwJuNOTDvKjd/VQoixUuUUBObzFarSs5ZtJcfXftOIKx21fr1z6KVit8RKFQGbN\\\\nhEJmFTLbw8OVs0nPz1tkiyJzAIoVlRupNLO+Q8GNyTDUPp75moOw/fWDQwdK0ofx\\\\ng5Xfupe1viE6WmiimO74ic0VUlUJBRH2IWVdh7EatA7xt80QITnBte/Xlb4TqFo/\\\\nigXxmdiF31sv4MrgFuQyvfOqTSuZu/ERu9LO8CbI4do6j7Ba9hIaHKs/0IQbD5Yg\\\\nGb0qyX+BAgMBAAECggEACYwbIBfru4sS5SbbOQB8dxS4vIBJAIbkjOdOZVGrxTTx\\\\nLVmZz2E/cN5F18fSHkde6Qg/Hw2m2Gv2gMwXHfZJUPrMWxYL8LQBdELQDDv7m6Dm\\\\n5W7oNFc+XDhzvL15U1SEMKOdHJlfxX2sfXHWWxBmrxtTAPQfsxKTkmDyN8iiOzld\\\\nFi+tDt9GcpZLHBGX1xjJMBBVFZndcfBDI/xQybMkvf39V6+oqjgpsIUIWKgX9vkw\\\\nH025a5nNDMdgFCabLGG6EoryCeDXebiQ04/DKMcsCMSLRqBRz2NqylY5ZIQ/4UL5\\\\na7kT6E19WryMti9Z4Zayel68H54Yx2K+T4Wt+mQwyQKBgQD47eqcZNxn5Sal3WIy\\\\niXR5WDQTW6eli8OfYXWvkEdsqD3Qlvy6b65Y9+UjQHtAvUXo8q0A4aAejtOPxSOo\\\\nRz7EybfGj50hd5Qpy9TFnzAHGKJytATqOG7VApUWPJEg1a4U8Lgy8+ZsSvnZ+ESc\\\\nanmFDHv51lZvfQ9s1eVLnOsoZQKBgQD11cS2a+ejBk6PO3M+vtGoQ87O2FemCD5i\\\\nWjfIFm/yQ8JlspL/b7fJO8reYdRUNClEcriKG0DaIWzoQtwYXWiZOjQwiSswugCs\\\\nQil4BFV+TMJ0RuOcOKCoX0Aeo85K3/E8Df3XXuMILKQhcLHc1UogfCxn1FqyIYs3\\\\n4q5a9GYS7QKBgQDwpijiSsudETYcsXomOyZDzRaDBF99NjHHGhQIxuWV0Mv5pI3s\\\\nut0FG5oES2kcPB6ixkCkEnuWLyOt4LrJCx9OZWhp6BrS6ORux6QJ7QwkQBeD5i6+\\\\nNBJJkTaKCcGPyaOCkPiyIYJIfO8wXsgNow2Zp2kPLbvgCjnoUJxcTfY01QKBgQCA\\\\n16TdpvgkLS4HS7U+8WuYsNE2/5QQZMmtanNJ3tiVNIYyHsGENt0wDrJokwVhjGUE\\\\nhsvJNjdrG5GkuUX5Txt/E04/EeUdCJ9JqPNq/3p/U2Om5XBtdBBfrmxAosF/5Jbe\\\\nTsb3lbePlTYAgLv3baIIHIx5boaKTaJVi+ytpuHIkQKBgCkULfdb7fL2dhDjEo/t\\\\neFLXmpM+8Iu9HV/4mnpq3Z6RO041A1RD5u2pr+kFVewj3dPSmTZd7WbGCi7hlph1\\\\nMMwVsC6qqknagXlZWtztL7b3NzTTwoorzOkoIA1gQsuHnAFf2j+TqMdM97iR52zP\\\\nPpEcBiUJ3Xrw6o3oD3i/06YU\\\\n-----END PRIVATE KEY-----\\\\n\\\",\\n  \\\"client_email\\\": \\\"firebase-adminsdk-fbsvc@uit-buddy.iam.gserviceaccount.com\\\",\\n  \\\"client_id\\\": \\\"117451240399154114568\\\",\\n  \\\"auth_uri\\\": \\\"https://accounts.google.com/o/oauth2/auth\\\",\\n  \\\"token_uri\\\": \\\"https://oauth2.googleapis.com/token\\\",\\n  \\\"auth_provider_x509_cert_url\\\": \\\"https://www.googleapis.com/oauth2/v1/certs\\\",\\n  \\\"client_x509_cert_url\\\": \\\"https://www.googleapis.com/robot/v1/metadata/x509/firebase-adminsdk-fbsvc%40uit-buddy.iam.gserviceaccount.com\\\",\\n  \\\"universe_domain\\\": \\\"googleapis.com\\\"\\n}\\n\",\"POSTGRES_PASSWORD\":\"postgres123\"}",
            "secret_string_wo": null,
            "secret_string_wo_version": null,
            "version_id": "terraform-20260322124323970300000004",
            "version_stages": [
              "AWSCURRENT"
            ]
          },
          "sensitive_attributes": [
            [
              {
                "type": "get_attr",
                "value": "secret_binary"
              }
            ],
            [
              {
                "type": "get_attr",
                "value": "secret_string"
              }
            ],
            [
              {
                "type": "get_attr",
                "value": "secret_string_wo"
              }
            ]
          ],
          "identity_schema_version": 0,
          "private": "bnVsbA==",
          "dependencies": [
            "aws_secretsmanager_secret.backend_secrets"
          ]
        }
      ]
    },
    {
      "mode": "managed",
      "type": "aws_security_group",
      "name": "alb_sg",
      "provider": "provider[\"registry.terraform.io/hashicorp/aws\"]",
      "instances": [
        {
          "schema_version": 1,
          "attributes": {
            "arn": "arn:aws:ec2:ap-southeast-2:437773037594:security-group/sg-0fba60ac471503a68",
            "description": "Allow HTTP/HTTPS from Internet to ALB",
            "egress": [
              {
                "cidr_blocks": [
                  "0.0.0.0/0"
                ],
                "description": "",
                "from_port": 0,
                "ipv6_cidr_blocks": [],
                "prefix_list_ids": [],
                "protocol": "-1",
                "security_groups": [],
                "self": false,
                "to_port": 0
              }
            ],
            "id": "sg-0fba60ac471503a68",
            "ingress": [
              {
                "cidr_blocks": [
                  "0.0.0.0/0"
                ],
                "description": "HTTP from Internet",
                "from_port": 80,
                "ipv6_cidr_blocks": [],
                "prefix_list_ids": [],
                "protocol": "tcp",
                "security_groups": [],
                "self": false,
                "to_port": 80
              },
              {
                "cidr_blocks": [
                  "0.0.0.0/0"
                ],
                "description": "HTTPS from Internet",
                "from_port": 443,
                "ipv6_cidr_blocks": [],
                "prefix_list_ids": [],
                "protocol": "tcp",
                "security_groups": [],
                "self": false,
                "to_port": 443
              }
            ],
            "name": "uitbuddy-alb-sg",
            "name_prefix": "",
            "owner_id": "437773037594",
            "revoke_rules_on_delete": false,
            "tags": {
              "Name": "uitbuddy-alb-sg"
            },
            "tags_all": {
              "Name": "uitbuddy-alb-sg"
            },
            "timeouts": null,
            "vpc_id": "vpc-0c7f62783c7c6de59"
          },
          "sensitive_attributes": [],
          "identity_schema_version": 0,
          "private": "eyJlMmJmYjczMC1lY2FhLTExZTYtOGY4OC0zNDM2M2JjN2M0YzAiOnsiY3JlYXRlIjo2MDAwMDAwMDAwMDAsImRlbGV0ZSI6OTAwMDAwMDAwMDAwfSwic2NoZW1hX3ZlcnNpb24iOiIxIn0=",
          "dependencies": [
            "aws_vpc.main"
          ]
        }
      ]
    },
    {
      "mode": "managed",
      "type": "aws_security_group",
      "name": "backend_sg",
      "provider": "provider[\"registry.terraform.io/hashicorp/aws\"]",
      "instances": [
        {
          "schema_version": 1,
          "attributes": {
            "arn": "arn:aws:ec2:ap-southeast-2:437773037594:security-group/sg-023b058e6830fd724",
            "description": "Allow traffic from ALB to Backend",
            "egress": [
              {
                "cidr_blocks": [
                  "0.0.0.0/0"
                ],
                "description": "",
                "from_port": 0,
                "ipv6_cidr_blocks": [],
                "prefix_list_ids": [],
                "protocol": "-1",
                "security_groups": [],
                "self": false,
                "to_port": 0
              }
            ],
            "id": "sg-023b058e6830fd724",
            "ingress": [
              {
                "cidr_blocks": [],
                "description": "Backend port from ALB",
                "from_port": 8080,
                "ipv6_cidr_blocks": [],
                "prefix_list_ids": [],
                "protocol": "tcp",
                "security_groups": [
                  "sg-0fba60ac471503a68"
                ],
                "self": false,
                "to_port": 8080
              }
            ],
            "name": "uitbuddy-backend-sg",
            "name_prefix": "",
            "owner_id": "437773037594",
            "revoke_rules_on_delete": false,
            "tags": {
              "Name": "uitbuddy-backend-sg"
            },
            "tags_all": {
              "Name": "uitbuddy-backend-sg"
            },
            "timeouts": null,
            "vpc_id": "vpc-0c7f62783c7c6de59"
          },
          "sensitive_attributes": [],
          "identity_schema_version": 0,
          "private": "eyJlMmJmYjczMC1lY2FhLTExZTYtOGY4OC0zNDM2M2JjN2M0YzAiOnsiY3JlYXRlIjo2MDAwMDAwMDAwMDAsImRlbGV0ZSI6OTAwMDAwMDAwMDAwfSwic2NoZW1hX3ZlcnNpb24iOiIxIn0=",
          "dependencies": [
            "aws_security_group.alb_sg",
            "aws_vpc.main"
          ]
        }
      ]
    },
    {
      "mode": "managed",
      "type": "aws_security_group",
      "name": "efs_sg",
      "provider": "provider[\"registry.terraform.io/hashicorp/aws\"]",
      "instances": [
        {
          "schema_version": 1,
          "attributes": {
            "arn": "arn:aws:ec2:ap-southeast-2:437773037594:security-group/sg-070c508863f9d5e64",
            "description": "Allow NFS from Postgres to EFS",
            "egress": [
              {
                "cidr_blocks": [
                  "10.0.0.0/16"
                ],
                "description": "",
                "from_port": 0,
                "ipv6_cidr_blocks": [],
                "prefix_list_ids": [],
                "protocol": "-1",
                "security_groups": [],
                "self": false,
                "to_port": 0
              }
            ],
            "id": "sg-070c508863f9d5e64",
            "ingress": [
              {
                "cidr_blocks": [],
                "description": "NFS from Postgres",
                "from_port": 2049,
                "ipv6_cidr_blocks": [],
                "prefix_list_ids": [],
                "protocol": "tcp",
                "security_groups": [
                  "sg-0ddb152f855d0b111"
                ],
                "self": false,
                "to_port": 2049
              }
            ],
            "name": "uitbuddy-efs-sg",
            "name_prefix": "",
            "owner_id": "437773037594",
            "revoke_rules_on_delete": false,
            "tags": {
              "Name": "uitbuddy-efs-sg"
            },
            "tags_all": {
              "Name": "uitbuddy-efs-sg"
            },
            "timeouts": null,
            "vpc_id": "vpc-0c7f62783c7c6de59"
          },
          "sensitive_attributes": [],
          "identity_schema_version": 0,
          "private": "eyJlMmJmYjczMC1lY2FhLTExZTYtOGY4OC0zNDM2M2JjN2M0YzAiOnsiY3JlYXRlIjo2MDAwMDAwMDAwMDAsImRlbGV0ZSI6OTAwMDAwMDAwMDAwfSwic2NoZW1hX3ZlcnNpb24iOiIxIn0=",
          "dependencies": [
            "aws_security_group.alb_sg",
            "aws_security_group.backend_sg",
            "aws_security_group.postgres_sg",
            "aws_vpc.main"
          ]
        }
      ]
    },
    {
      "mode": "managed",
      "type": "aws_security_group",
      "name": "postgres_sg",
      "provider": "provider[\"registry.terraform.io/hashicorp/aws\"]",
      "instances": [
        {
          "schema_version": 1,
          "attributes": {
            "arn": "arn:aws:ec2:ap-southeast-2:437773037594:security-group/sg-0ddb152f855d0b111",
            "description": "Allow traffic from Backend to PostgreSQL",
            "egress": [
              {
                "cidr_blocks": [
                  "10.0.0.0/16"
                ],
                "description": "",
                "from_port": 0,
                "ipv6_cidr_blocks": [],
                "prefix_list_ids": [],
                "protocol": "-1",
                "security_groups": [],
                "self": false,
                "to_port": 0
              }
            ],
            "id": "sg-0ddb152f855d0b111",
            "ingress": [
              {
                "cidr_blocks": [],
                "description": "PostgreSQL from Backend",
                "from_port": 5432,
                "ipv6_cidr_blocks": [],
                "prefix_list_ids": [],
                "protocol": "tcp",
                "security_groups": [
                  "sg-023b058e6830fd724"
                ],
                "self": false,
                "to_port": 5432
              }
            ],
            "name": "uitbuddy-postgres-sg",
            "name_prefix": "",
            "owner_id": "437773037594",
            "revoke_rules_on_delete": false,
            "tags": {
              "Name": "uitbuddy-postgres-sg"
            },
            "tags_all": {
              "Name": "uitbuddy-postgres-sg"
            },
            "timeouts": null,
            "vpc_id": "vpc-0c7f62783c7c6de59"
          },
          "sensitive_attributes": [],
          "identity_schema_version": 0,
          "private": "eyJlMmJmYjczMC1lY2FhLTExZTYtOGY4OC0zNDM2M2JjN2M0YzAiOnsiY3JlYXRlIjo2MDAwMDAwMDAwMDAsImRlbGV0ZSI6OTAwMDAwMDAwMDAwfSwic2NoZW1hX3ZlcnNpb24iOiIxIn0=",
          "dependencies": [
            "aws_security_group.alb_sg",
            "aws_security_group.backend_sg",
            "aws_vpc.main"
          ]
        }
      ]
    },
    {
      "mode": "managed",
      "type": "aws_service_discovery_private_dns_namespace",
      "name": "internal",
      "provider": "provider[\"registry.terraform.io/hashicorp/aws\"]",
      "instances": [
        {
          "schema_version": 0,
          "attributes": {
            "arn": "arn:aws:servicediscovery:ap-southeast-2:437773037594:namespace/ns-ix2cchx6ooukofb2",
            "description": "Internal DNS for uitbuddy microservices",
            "hosted_zone": "Z07404351N782DXY1JWF1",
            "id": "ns-ix2cchx6ooukofb2",
            "name": "uitbuddy.local",
            "tags": null,
            "tags_all": {},
            "vpc": "vpc-0c7f62783c7c6de59"
          },
          "sensitive_attributes": [],
          "identity_schema_version": 0,
          "private": "bnVsbA==",
          "dependencies": [
            "aws_vpc.main"
          ]
        }
      ]
    },
    {
      "mode": "managed",
      "type": "aws_service_discovery_service",
      "name": "postgres",
      "provider": "provider[\"registry.terraform.io/hashicorp/aws\"]",
      "instances": [
        {
          "schema_version": 0,
          "attributes": {
            "arn": "arn:aws:servicediscovery:ap-southeast-2:437773037594:service/srv-mttl4sm2aoc4jotd",
            "description": "",
            "dns_config": [
              {
                "dns_records": [
                  {
                    "ttl": 10,
                    "type": "A"
                  }
                ],
                "namespace_id": "ns-ix2cchx6ooukofb2",
                "routing_policy": "MULTIVALUE"
              }
            ],
            "force_destroy": false,
            "health_check_config": [],
            "health_check_custom_config": [
              {
                "failure_threshold": 1
              }
            ],
            "id": "srv-mttl4sm2aoc4jotd",
            "name": "postgres",
            "namespace_id": "ns-ix2cchx6ooukofb2",
            "tags": null,
            "tags_all": {},
            "type": "DNS_HTTP"
          },
          "sensitive_attributes": [],
          "identity_schema_version": 0,
          "private": "bnVsbA==",
          "dependencies": [
            "aws_service_discovery_private_dns_namespace.internal",
            "aws_vpc.main"
          ]
        }
      ]
    },
    {
      "mode": "managed",
      "type": "aws_subnet",
      "name": "private_a",
      "provider": "provider[\"registry.terraform.io/hashicorp/aws\"]",
      "instances": [
        {
          "schema_version": 1,
          "attributes": {
            "arn": "arn:aws:ec2:ap-southeast-2:437773037594:subnet/subnet-06b69233fd48605b0",
            "assign_ipv6_address_on_creation": false,
            "availability_zone": "ap-southeast-2a",
            "availability_zone_id": "apse2-az1",
            "cidr_block": "10.0.11.0/24",
            "customer_owned_ipv4_pool": "",
            "enable_dns64": false,
            "enable_lni_at_device_index": 0,
            "enable_resource_name_dns_a_record_on_launch": false,
            "enable_resource_name_dns_aaaa_record_on_launch": false,
            "id": "subnet-06b69233fd48605b0",
            "ipv6_cidr_block": "",
            "ipv6_cidr_block_association_id": "",
            "ipv6_native": false,
            "map_customer_owned_ip_on_launch": false,
            "map_public_ip_on_launch": false,
            "outpost_arn": "",
            "owner_id": "437773037594",
            "private_dns_hostname_type_on_launch": "ip-name",
            "tags": {
              "Name": "uitbuddy-private-a"
            },
            "tags_all": {
              "Name": "uitbuddy-private-a"
            },
            "timeouts": null,
            "vpc_id": "vpc-0c7f62783c7c6de59"
          },
          "sensitive_attributes": [],
          "identity_schema_version": 0,
          "private": "eyJlMmJmYjczMC1lY2FhLTExZTYtOGY4OC0zNDM2M2JjN2M0YzAiOnsiY3JlYXRlIjo2MDAwMDAwMDAwMDAsImRlbGV0ZSI6MTIwMDAwMDAwMDAwMH0sInNjaGVtYV92ZXJzaW9uIjoiMSJ9",
          "dependencies": [
            "aws_vpc.main"
          ]
        }
      ]
    },
    {
      "mode": "managed",
      "type": "aws_subnet",
      "name": "private_b",
      "provider": "provider[\"registry.terraform.io/hashicorp/aws\"]",
      "instances": [
        {
          "schema_version": 1,
          "attributes": {
            "arn": "arn:aws:ec2:ap-southeast-2:437773037594:subnet/subnet-0917f49b3a6199775",
            "assign_ipv6_address_on_creation": false,
            "availability_zone": "ap-southeast-2b",
            "availability_zone_id": "apse2-az3",
            "cidr_block": "10.0.12.0/24",
            "customer_owned_ipv4_pool": "",
            "enable_dns64": false,
            "enable_lni_at_device_index": 0,
            "enable_resource_name_dns_a_record_on_launch": false,
            "enable_resource_name_dns_aaaa_record_on_launch": false,
            "id": "subnet-0917f49b3a6199775",
            "ipv6_cidr_block": "",
            "ipv6_cidr_block_association_id": "",
            "ipv6_native": false,
            "map_customer_owned_ip_on_launch": false,
            "map_public_ip_on_launch": false,
            "outpost_arn": "",
            "owner_id": "437773037594",
            "private_dns_hostname_type_on_launch": "ip-name",
            "tags": {
              "Name": "uitbuddy-private-b"
            },
            "tags_all": {
              "Name": "uitbuddy-private-b"
            },
            "timeouts": null,
            "vpc_id": "vpc-0c7f62783c7c6de59"
          },
          "sensitive_attributes": [],
          "identity_schema_version": 0,
          "private": "eyJlMmJmYjczMC1lY2FhLTExZTYtOGY4OC0zNDM2M2JjN2M0YzAiOnsiY3JlYXRlIjo2MDAwMDAwMDAwMDAsImRlbGV0ZSI6MTIwMDAwMDAwMDAwMH0sInNjaGVtYV92ZXJzaW9uIjoiMSJ9",
          "dependencies": [
            "aws_vpc.main"
          ]
        }
      ]
    },
    {
      "mode": "managed",
      "type": "aws_subnet",
      "name": "public_a",
      "provider": "provider[\"registry.terraform.io/hashicorp/aws\"]",
      "instances": [
        {
          "schema_version": 1,
          "attributes": {
            "arn": "arn:aws:ec2:ap-southeast-2:437773037594:subnet/subnet-0f1e50c3cba808e66",
            "assign_ipv6_address_on_creation": false,
            "availability_zone": "ap-southeast-2a",
            "availability_zone_id": "apse2-az1",
            "cidr_block": "10.0.1.0/24",
            "customer_owned_ipv4_pool": "",
            "enable_dns64": false,
            "enable_lni_at_device_index": 0,
            "enable_resource_name_dns_a_record_on_launch": false,
            "enable_resource_name_dns_aaaa_record_on_launch": false,
            "id": "subnet-0f1e50c3cba808e66",
            "ipv6_cidr_block": "",
            "ipv6_cidr_block_association_id": "",
            "ipv6_native": false,
            "map_customer_owned_ip_on_launch": false,
            "map_public_ip_on_launch": true,
            "outpost_arn": "",
            "owner_id": "437773037594",
            "private_dns_hostname_type_on_launch": "ip-name",
            "tags": {
              "Name": "uitbuddy-public-a"
            },
            "tags_all": {
              "Name": "uitbuddy-public-a"
            },
            "timeouts": null,
            "vpc_id": "vpc-0c7f62783c7c6de59"
          },
          "sensitive_attributes": [],
          "identity_schema_version": 0,
          "private": "eyJlMmJmYjczMC1lY2FhLTExZTYtOGY4OC0zNDM2M2JjN2M0YzAiOnsiY3JlYXRlIjo2MDAwMDAwMDAwMDAsImRlbGV0ZSI6MTIwMDAwMDAwMDAwMH0sInNjaGVtYV92ZXJzaW9uIjoiMSJ9",
          "dependencies": [
            "aws_vpc.main"
          ]
        }
      ]
    },
    {
      "mode": "managed",
      "type": "aws_subnet",
      "name": "public_b",
      "provider": "provider[\"registry.terraform.io/hashicorp/aws\"]",
      "instances": [
        {
          "schema_version": 1,
          "attributes": {
            "arn": "arn:aws:ec2:ap-southeast-2:437773037594:subnet/subnet-03cfb6d61e436e709",
            "assign_ipv6_address_on_creation": false,
            "availability_zone": "ap-southeast-2b",
            "availability_zone_id": "apse2-az3",
            "cidr_block": "10.0.2.0/24",
            "customer_owned_ipv4_pool": "",
            "enable_dns64": false,
            "enable_lni_at_device_index": 0,
            "enable_resource_name_dns_a_record_on_launch": false,
            "enable_resource_name_dns_aaaa_record_on_launch": false,
            "id": "subnet-03cfb6d61e436e709",
            "ipv6_cidr_block": "",
            "ipv6_cidr_block_association_id": "",
            "ipv6_native": false,
            "map_customer_owned_ip_on_launch": false,
            "map_public_ip_on_launch": true,
            "outpost_arn": "",
            "owner_id": "437773037594",
            "private_dns_hostname_type_on_launch": "ip-name",
            "tags": {
              "Name": "uitbuddy-public-b"
            },
            "tags_all": {
              "Name": "uitbuddy-public-b"
            },
            "timeouts": null,
            "vpc_id": "vpc-0c7f62783c7c6de59"
          },
          "sensitive_attributes": [],
          "identity_schema_version": 0,
          "private": "eyJlMmJmYjczMC1lY2FhLTExZTYtOGY4OC0zNDM2M2JjN2M0YzAiOnsiY3JlYXRlIjo2MDAwMDAwMDAwMDAsImRlbGV0ZSI6MTIwMDAwMDAwMDAwMH0sInNjaGVtYV92ZXJzaW9uIjoiMSJ9",
          "dependencies": [
            "aws_vpc.main"
          ]
        }
      ]
    },
    {
      "mode": "managed",
      "type": "aws_vpc",
      "name": "main",
      "provider": "provider[\"registry.terraform.io/hashicorp/aws\"]",
      "instances": [
        {
          "schema_version": 1,
          "attributes": {
            "arn": "arn:aws:ec2:ap-southeast-2:437773037594:vpc/vpc-0c7f62783c7c6de59",
            "assign_generated_ipv6_cidr_block": false,
            "cidr_block": "10.0.0.0/16",
            "default_network_acl_id": "acl-0137a474ff1a7d4c0",
            "default_route_table_id": "rtb-0a1d0ef7a1a410d73",
            "default_security_group_id": "sg-0dafcf78671c6f81e",
            "dhcp_options_id": "dopt-0944c5140c3a4fb9e",
            "enable_dns_hostnames": true,
            "enable_dns_support": true,
            "enable_network_address_usage_metrics": false,
            "id": "vpc-0c7f62783c7c6de59",
            "instance_tenancy": "default",
            "ipv4_ipam_pool_id": null,
            "ipv4_netmask_length": null,
            "ipv6_association_id": "",
            "ipv6_cidr_block": "",
            "ipv6_cidr_block_network_border_group": "",
            "ipv6_ipam_pool_id": "",
            "ipv6_netmask_length": 0,
            "main_route_table_id": "rtb-0a1d0ef7a1a410d73",
            "owner_id": "437773037594",
            "tags": {
              "Name": "uitbuddy-vpc"
            },
            "tags_all": {
              "Name": "uitbuddy-vpc"
            }
          },
          "sensitive_attributes": [],
          "identity_schema_version": 0,
          "private": "eyJzY2hlbWFfdmVyc2lvbiI6IjEifQ=="
        }
      ]
    }
  ],
  "check_results": null
}
